
Microsoft Visual Studio Solution File, Format Version 12.00
# Visual Studio Version 17
VisualStudioVersion = 17.8.34408.163
MinimumVisualStudioVersion = 10.0.40219.1
Project("{FAE04EC0-301F-11D3-BF4B-00C04F79EFBC}") = "2212427_DangDangNguyen_Lab04", "2212427_DangDangNguyen_Lab04\2212427_DangDangNguyen_Lab04.csproj", "{3B129A04-1120-4C71-B0E2-CD3B642AD073}"
EndProject
Global
	GlobalSection(SolutionConfigurationPlatforms) = preSolution
		Debug|Any CPU = Debug|Any CPU
		Release|Any CPU = Release|Any CPU
	EndGlobalSection
	GlobalSection(ProjectConfigurationPlatforms) = postSolution
		{3B129A04-1120-4C71-B0E2-CD3B642AD073}.Debug|Any CPU.ActiveCfg = Debug|Any CPU
		{3B129A04-1120-4C71-B0E2-CD3B642AD073}.Debug|Any CPU.Build.0 = Debug|Any CPU
		{3B129A04-1120-4C71-B0E2-CD3B642AD073}.Release|Any CPU.ActiveCfg = Release|Any CPU
		{3B129A04-1120-4C71-B0E2-CD3B642AD073}.Release|Any CPU.Build.0 = Release|Any CPU
	EndGlobalSection
	GlobalSection(SolutionProperties) = preSolution
		HideSolutionNode = FALSE
	EndGlobalSection
	GlobalSection(ExtensibilityGlobals) = postSolution
		SolutionGuid = {8C07AFE2-7CA2-405D-9517-89BEAA1A6EAF}
	EndGlobalSection
EndGlobal
