
Microsoft Visual Studio Solution File, Format Version 12.00
# Visual Studio Version 17
VisualStudioVersion = 17.8.34408.163
MinimumVisualStudioVersion = 10.0.40219.1
Project("{FAE04EC0-301F-11D3-BF4B-00C04F79EFBC}") = "RestaurantManagementProject", "RestaurantManagementProject\RestaurantManagementProject.csproj", "{3402C3DA-3AAC-402A-A5AE-684F71CC2EF4}"
EndProject
Project("{FAE04EC0-301F-11D3-BF4B-00C04F79EFBC}") = "BusinessLogic", "BusinessLogic\BusinessLogic.csproj", "{7271A765-1B39-4932-9536-3D42336408E7}"
EndProject
Project("{FAE04EC0-301F-11D3-BF4B-00C04F79EFBC}") = "DataAccess", "DataAccess\DataAccess.csproj", "{EB032AC8-6F5C-4CBD-8730-7BCDA30E7E12}"
EndProject
Global
	GlobalSection(SolutionConfigurationPlatforms) = preSolution
		Debug|Any CPU = Debug|Any CPU
		Release|Any CPU = Release|Any CPU
	EndGlobalSection
	GlobalSection(ProjectConfigurationPlatforms) = postSolution
		{3402C3DA-3AAC-402A-A5AE-684F71CC2EF4}.Debug|Any CPU.ActiveCfg = Debug|Any CPU
		{3402C3DA-3AAC-402A-A5AE-684F71CC2EF4}.Debug|Any CPU.Build.0 = Debug|Any CPU
		{3402C3DA-3AAC-402A-A5AE-684F71CC2EF4}.Release|Any CPU.ActiveCfg = Release|Any CPU
		{3402C3DA-3AAC-402A-A5AE-684F71CC2EF4}.Release|Any CPU.Build.0 = Release|Any CPU
		{7271A765-1B39-4932-9536-3D42336408E7}.Debug|Any CPU.ActiveCfg = Debug|Any CPU
		{7271A765-1B39-4932-9536-3D42336408E7}.Debug|Any CPU.Build.0 = Debug|Any CPU
		{7271A765-1B39-4932-9536-3D42336408E7}.Release|Any CPU.ActiveCfg = Release|Any CPU
		{7271A765-1B39-4932-9536-3D42336408E7}.Release|Any CPU.Build.0 = Release|Any CPU
		{EB032AC8-6F5C-4CBD-8730-7BCDA30E7E12}.Debug|Any CPU.ActiveCfg = Debug|Any CPU
		{EB032AC8-6F5C-4CBD-8730-7BCDA30E7E12}.Debug|Any CPU.Build.0 = Debug|Any CPU
		{EB032AC8-6F5C-4CBD-8730-7BCDA30E7E12}.Release|Any CPU.ActiveCfg = Release|Any CPU
		{EB032AC8-6F5C-4CBD-8730-7BCDA30E7E12}.Release|Any CPU.Build.0 = Release|Any CPU
	EndGlobalSection
	GlobalSection(SolutionProperties) = preSolution
		HideSolutionNode = FALSE
	EndGlobalSection
	GlobalSection(ExtensibilityGlobals) = postSolution
		SolutionGuid = {B937C782-1184-44FE-98FE-0AF2CB488519}
	EndGlobalSection
EndGlobal
